
Microsoft Visual Studio Solution File, Format Version 11.00
# Visual Studio 2010
Project("{FAE04EC0-301F-11D3-BF4B-00C04F79EFBC}") = "nToggleWebTestApp", "nToggleWebTestApp\nToggleWebTestApp.csproj", "{594EE928-8B64-4922-8682-C1FEE1719E0F}"
EndProject
Project("{FAE04EC0-301F-11D3-BF4B-00C04F79EFBC}") = "nToggleWebTests", "nToggleWebTests\nToggleWebTests.csproj", "{CB6E59AE-9AD0-4256-B0E2-F23FDB6EC4AA}"
EndProject
Project("{FAE04EC0-301F-11D3-BF4B-00C04F79EFBC}") = "nToggle", "nToggle\nToggle.csproj", "{839D1BD2-1B92-416F-A339-4E145EFAB32E}"
EndProject
Project("{FAE04EC0-301F-11D3-BF4B-00C04F79EFBC}") = "nToggleTest", "nToggleTest\nToggleTest.csproj", "{5105FEB3-ED66-4171-9565-32764DA3371E}"
EndProject
Project("{2150E333-8FDC-42A3-9474-1A3956D46DE8}") = "Solution Items", "Solution Items", "{B12E581D-AC9D-4248-847A-70E478258774}"
	ProjectSection(SolutionItems) = preProject
		Local.testsettings = Local.testsettings
		nToggle.vsmdi = nToggle.vsmdi
		README = README
		TraceAndTestImpact.testsettings = TraceAndTestImpact.testsettings
	EndProjectSection
EndProject
Project("{FAE04EC0-301F-11D3-BF4B-00C04F79EFBC}") = "nToggleDynamicFeatureTest", "nToggleDynamicFeatureTest\nToggleDynamicFeatureTest.csproj", "{C28837B6-F2AB-42F0-8EAF-A0D4149A654B}"
EndProject
Global
	GlobalSection(TestCaseManagementSettings) = postSolution
		CategoryFile = nToggle.vsmdi
	EndGlobalSection
	GlobalSection(SolutionConfigurationPlatforms) = preSolution
		Debug|Any CPU = Debug|Any CPU
		Release|Any CPU = Release|Any CPU
	EndGlobalSection
	GlobalSection(ProjectConfigurationPlatforms) = postSolution
		{594EE928-8B64-4922-8682-C1FEE1719E0F}.Debug|Any CPU.ActiveCfg = Debug|Any CPU
		{594EE928-8B64-4922-8682-C1FEE1719E0F}.Debug|Any CPU.Build.0 = Debug|Any CPU
		{594EE928-8B64-4922-8682-C1FEE1719E0F}.Release|Any CPU.ActiveCfg = Release|Any CPU
		{594EE928-8B64-4922-8682-C1FEE1719E0F}.Release|Any CPU.Build.0 = Release|Any CPU
		{CB6E59AE-9AD0-4256-B0E2-F23FDB6EC4AA}.Debug|Any CPU.ActiveCfg = Debug|Any CPU
		{CB6E59AE-9AD0-4256-B0E2-F23FDB6EC4AA}.Debug|Any CPU.Build.0 = Debug|Any CPU
		{CB6E59AE-9AD0-4256-B0E2-F23FDB6EC4AA}.Release|Any CPU.ActiveCfg = Release|Any CPU
		{CB6E59AE-9AD0-4256-B0E2-F23FDB6EC4AA}.Release|Any CPU.Build.0 = Release|Any CPU
		{839D1BD2-1B92-416F-A339-4E145EFAB32E}.Debug|Any CPU.ActiveCfg = Debug|Any CPU
		{839D1BD2-1B92-416F-A339-4E145EFAB32E}.Debug|Any CPU.Build.0 = Debug|Any CPU
		{839D1BD2-1B92-416F-A339-4E145EFAB32E}.Release|Any CPU.ActiveCfg = Release|Any CPU
		{839D1BD2-1B92-416F-A339-4E145EFAB32E}.Release|Any CPU.Build.0 = Release|Any CPU
		{5105FEB3-ED66-4171-9565-32764DA3371E}.Debug|Any CPU.ActiveCfg = Debug|Any CPU
		{5105FEB3-ED66-4171-9565-32764DA3371E}.Debug|Any CPU.Build.0 = Debug|Any CPU
		{5105FEB3-ED66-4171-9565-32764DA3371E}.Release|Any CPU.ActiveCfg = Release|Any CPU
		{5105FEB3-ED66-4171-9565-32764DA3371E}.Release|Any CPU.Build.0 = Release|Any CPU
		{C28837B6-F2AB-42F0-8EAF-A0D4149A654B}.Debug|Any CPU.ActiveCfg = Debug|Any CPU
		{C28837B6-F2AB-42F0-8EAF-A0D4149A654B}.Debug|Any CPU.Build.0 = Debug|Any CPU
		{C28837B6-F2AB-42F0-8EAF-A0D4149A654B}.Release|Any CPU.ActiveCfg = Release|Any CPU
		{C28837B6-F2AB-42F0-8EAF-A0D4149A654B}.Release|Any CPU.Build.0 = Release|Any CPU
	EndGlobalSection
	GlobalSection(SolutionProperties) = preSolution
		HideSolutionNode = FALSE
	EndGlobalSection
EndGlobal
